
Microsoft Visual Studio Solution File, Format Version 12.00
# Visual Studio Version 17
VisualStudioVersion = 17.11.35312.102
MinimumVisualStudioVersion = 10.0.40219.1
Project("{8BC9CEB8-8B4A-11D0-8D11-00A0C91BC942}") = "Program", "Program.vcxproj", "{B0E8A8C7-EECD-4270-90AB-340099AE2DC5}"
EndProject
Project("{8BC9CEB8-8B4A-11D0-8D11-00A0C91BC942}") = "Class1th (Single Lingked List)", "..\Class1th (Single Lingked List)\Class1th (Single Lingked List).vcxproj", "{5F668D12-AFC2-4D7F-BA7D-07FDB350E660}"
EndProject
Project("{8BC9CEB8-8B4A-11D0-8D11-00A0C91BC942}") = "Class2th (Double Linked List)", "..\Class2th (Double Linked List)\Class2th (Double Linked List).vcxproj", "{91E37364-6BDD-4426-BD57-2C71B30F1C3D}"
EndProject
Project("{8BC9CEB8-8B4A-11D0-8D11-00A0C91BC942}") = "Class3th (Circle Linked List)", "..\Class3th (Circle Linked List)\Class3th (Circle Linked List).vcxproj", "{B3D8BEB7-C4A3-4BEA-AC2B-8EBFA49BBC91}"
EndProject
Project("{8BC9CEB8-8B4A-11D0-8D11-00A0C91BC942}") = "Class4th (Stack)", "..\Class4th (Stack)\Class4th (Stack).vcxproj", "{63987718-4E0A-417B-A99F-6F36F07BDB2C}"
EndProject
Project("{8BC9CEB8-8B4A-11D0-8D11-00A0C91BC942}") = "Class5th (Linear Queue)", "..\Class5th (Linear Queue)\Class5th (Linear Queue).vcxproj", "{F0955F68-07A9-41A1-8CF6-4DFD68CB4619}"
EndProject
Project("{8BC9CEB8-8B4A-11D0-8D11-00A0C91BC942}") = "Class6th (Circle Queue)", "..\Class6th (Circle Queue)\Class6th (Circle Queue).vcxproj", "{9D2E4D39-28AC-4D8C-B22C-3E9D5C84FDFF}"
EndProject
Project("{8BC9CEB8-8B4A-11D0-8D11-00A0C91BC942}") = "Class7th (Vector)", "..\Class7th (Vector)\Class7th (Vector).vcxproj", "{913550E6-CA64-4B17-88DC-BADB8AD00EB1}"
EndProject
Project("{8BC9CEB8-8B4A-11D0-8D11-00A0C91BC942}") = "Class8th (String)", "..\Class8th (String)\Class8th (String).vcxproj", "{4184C4E1-43F3-4475-B6A3-247CC46947E2}"
EndProject
Project("{8BC9CEB8-8B4A-11D0-8D11-00A0C91BC942}") = "Class9th (Binary Tree)", "..\Class9th (Binary Tree)\Class9th (Binary Tree).vcxproj", "{31C45F42-D783-4EC9-BE1F-316528DEF926}"
EndProject
Project("{8BC9CEB8-8B4A-11D0-8D11-00A0C91BC942}") = "Class10th (Hash Table)", "..\Class10th (Hash Table)\Class10th (Hash Table).vcxproj", "{623A5DD8-DA20-4817-A01F-0705A44F513A}"
EndProject
Project("{8BC9CEB8-8B4A-11D0-8D11-00A0C91BC942}") = "Class11th (Heap)", "..\Class11th (Heap)\Class11th (Heap).vcxproj", "{9297CE28-6D90-4899-8333-484E08A69D56}"
EndProject
Project("{8BC9CEB8-8B4A-11D0-8D11-00A0C91BC942}") = "Class12th (Adjancency Matirx)", "..\Class12th (Adjancency Matirx)\Class12th (Adjancency Matirx).vcxproj", "{BF3C18A4-EC86-44FE-A1C6-673B863137AA}"
EndProject
Global
	GlobalSection(SolutionConfigurationPlatforms) = preSolution
		Debug|x64 = Debug|x64
		Debug|x86 = Debug|x86
		Release|x64 = Release|x64
		Release|x86 = Release|x86
	EndGlobalSection
	GlobalSection(ProjectConfigurationPlatforms) = postSolution
		{B0E8A8C7-EECD-4270-90AB-340099AE2DC5}.Debug|x64.ActiveCfg = Debug|x64
		{B0E8A8C7-EECD-4270-90AB-340099AE2DC5}.Debug|x64.Build.0 = Debug|x64
		{B0E8A8C7-EECD-4270-90AB-340099AE2DC5}.Debug|x86.ActiveCfg = Debug|Win32
		{B0E8A8C7-EECD-4270-90AB-340099AE2DC5}.Debug|x86.Build.0 = Debug|Win32
		{B0E8A8C7-EECD-4270-90AB-340099AE2DC5}.Release|x64.ActiveCfg = Release|x64
		{B0E8A8C7-EECD-4270-90AB-340099AE2DC5}.Release|x64.Build.0 = Release|x64
		{B0E8A8C7-EECD-4270-90AB-340099AE2DC5}.Release|x86.ActiveCfg = Release|Win32
		{B0E8A8C7-EECD-4270-90AB-340099AE2DC5}.Release|x86.Build.0 = Release|Win32
		{5F668D12-AFC2-4D7F-BA7D-07FDB350E660}.Debug|x64.ActiveCfg = Debug|x64
		{5F668D12-AFC2-4D7F-BA7D-07FDB350E660}.Debug|x64.Build.0 = Debug|x64
		{5F668D12-AFC2-4D7F-BA7D-07FDB350E660}.Debug|x86.ActiveCfg = Debug|Win32
		{5F668D12-AFC2-4D7F-BA7D-07FDB350E660}.Debug|x86.Build.0 = Debug|Win32
		{5F668D12-AFC2-4D7F-BA7D-07FDB350E660}.Release|x64.ActiveCfg = Release|x64
		{5F668D12-AFC2-4D7F-BA7D-07FDB350E660}.Release|x64.Build.0 = Release|x64
		{5F668D12-AFC2-4D7F-BA7D-07FDB350E660}.Release|x86.ActiveCfg = Release|Win32
		{5F668D12-AFC2-4D7F-BA7D-07FDB350E660}.Release|x86.Build.0 = Release|Win32
		{91E37364-6BDD-4426-BD57-2C71B30F1C3D}.Debug|x64.ActiveCfg = Debug|x64
		{91E37364-6BDD-4426-BD57-2C71B30F1C3D}.Debug|x64.Build.0 = Debug|x64
		{91E37364-6BDD-4426-BD57-2C71B30F1C3D}.Debug|x86.ActiveCfg = Debug|Win32
		{91E37364-6BDD-4426-BD57-2C71B30F1C3D}.Debug|x86.Build.0 = Debug|Win32
		{91E37364-6BDD-4426-BD57-2C71B30F1C3D}.Release|x64.ActiveCfg = Release|x64
		{91E37364-6BDD-4426-BD57-2C71B30F1C3D}.Release|x64.Build.0 = Release|x64
		{91E37364-6BDD-4426-BD57-2C71B30F1C3D}.Release|x86.ActiveCfg = Release|Win32
		{91E37364-6BDD-4426-BD57-2C71B30F1C3D}.Release|x86.Build.0 = Release|Win32
		{B3D8BEB7-C4A3-4BEA-AC2B-8EBFA49BBC91}.Debug|x64.ActiveCfg = Debug|x64
		{B3D8BEB7-C4A3-4BEA-AC2B-8EBFA49BBC91}.Debug|x64.Build.0 = Debug|x64
		{B3D8BEB7-C4A3-4BEA-AC2B-8EBFA49BBC91}.Debug|x86.ActiveCfg = Debug|Win32
		{B3D8BEB7-C4A3-4BEA-AC2B-8EBFA49BBC91}.Debug|x86.Build.0 = Debug|Win32
		{B3D8BEB7-C4A3-4BEA-AC2B-8EBFA49BBC91}.Release|x64.ActiveCfg = Release|x64
		{B3D8BEB7-C4A3-4BEA-AC2B-8EBFA49BBC91}.Release|x64.Build.0 = Release|x64
		{B3D8BEB7-C4A3-4BEA-AC2B-8EBFA49BBC91}.Release|x86.ActiveCfg = Release|Win32
		{B3D8BEB7-C4A3-4BEA-AC2B-8EBFA49BBC91}.Release|x86.Build.0 = Release|Win32
		{63987718-4E0A-417B-A99F-6F36F07BDB2C}.Debug|x64.ActiveCfg = Debug|x64
		{63987718-4E0A-417B-A99F-6F36F07BDB2C}.Debug|x64.Build.0 = Debug|x64
		{63987718-4E0A-417B-A99F-6F36F07BDB2C}.Debug|x86.ActiveCfg = Debug|Win32
		{63987718-4E0A-417B-A99F-6F36F07BDB2C}.Debug|x86.Build.0 = Debug|Win32
		{63987718-4E0A-417B-A99F-6F36F07BDB2C}.Release|x64.ActiveCfg = Release|x64
		{63987718-4E0A-417B-A99F-6F36F07BDB2C}.Release|x64.Build.0 = Release|x64
		{63987718-4E0A-417B-A99F-6F36F07BDB2C}.Release|x86.ActiveCfg = Release|Win32
		{63987718-4E0A-417B-A99F-6F36F07BDB2C}.Release|x86.Build.0 = Release|Win32
		{F0955F68-07A9-41A1-8CF6-4DFD68CB4619}.Debug|x64.ActiveCfg = Debug|x64
		{F0955F68-07A9-41A1-8CF6-4DFD68CB4619}.Debug|x64.Build.0 = Debug|x64
		{F0955F68-07A9-41A1-8CF6-4DFD68CB4619}.Debug|x86.ActiveCfg = Debug|Win32
		{F0955F68-07A9-41A1-8CF6-4DFD68CB4619}.Debug|x86.Build.0 = Debug|Win32
		{F0955F68-07A9-41A1-8CF6-4DFD68CB4619}.Release|x64.ActiveCfg = Release|x64
		{F0955F68-07A9-41A1-8CF6-4DFD68CB4619}.Release|x64.Build.0 = Release|x64
		{F0955F68-07A9-41A1-8CF6-4DFD68CB4619}.Release|x86.ActiveCfg = Release|Win32
		{F0955F68-07A9-41A1-8CF6-4DFD68CB4619}.Release|x86.Build.0 = Release|Win32
		{9D2E4D39-28AC-4D8C-B22C-3E9D5C84FDFF}.Debug|x64.ActiveCfg = Debug|x64
		{9D2E4D39-28AC-4D8C-B22C-3E9D5C84FDFF}.Debug|x64.Build.0 = Debug|x64
		{9D2E4D39-28AC-4D8C-B22C-3E9D5C84FDFF}.Debug|x86.ActiveCfg = Debug|Win32
		{9D2E4D39-28AC-4D8C-B22C-3E9D5C84FDFF}.Debug|x86.Build.0 = Debug|Win32
		{9D2E4D39-28AC-4D8C-B22C-3E9D5C84FDFF}.Release|x64.ActiveCfg = Release|x64
		{9D2E4D39-28AC-4D8C-B22C-3E9D5C84FDFF}.Release|x64.Build.0 = Release|x64
		{9D2E4D39-28AC-4D8C-B22C-3E9D5C84FDFF}.Release|x86.ActiveCfg = Release|Win32
		{9D2E4D39-28AC-4D8C-B22C-3E9D5C84FDFF}.Release|x86.Build.0 = Release|Win32
		{913550E6-CA64-4B17-88DC-BADB8AD00EB1}.Debug|x64.ActiveCfg = Debug|x64
		{913550E6-CA64-4B17-88DC-BADB8AD00EB1}.Debug|x64.Build.0 = Debug|x64
		{913550E6-CA64-4B17-88DC-BADB8AD00EB1}.Debug|x86.ActiveCfg = Debug|Win32
		{913550E6-CA64-4B17-88DC-BADB8AD00EB1}.Debug|x86.Build.0 = Debug|Win32
		{913550E6-CA64-4B17-88DC-BADB8AD00EB1}.Release|x64.ActiveCfg = Release|x64
		{913550E6-CA64-4B17-88DC-BADB8AD00EB1}.Release|x64.Build.0 = Release|x64
		{913550E6-CA64-4B17-88DC-BADB8AD00EB1}.Release|x86.ActiveCfg = Release|Win32
		{913550E6-CA64-4B17-88DC-BADB8AD00EB1}.Release|x86.Build.0 = Release|Win32
		{4184C4E1-43F3-4475-B6A3-247CC46947E2}.Debug|x64.ActiveCfg = Debug|x64
		{4184C4E1-43F3-4475-B6A3-247CC46947E2}.Debug|x64.Build.0 = Debug|x64
		{4184C4E1-43F3-4475-B6A3-247CC46947E2}.Debug|x86.ActiveCfg = Debug|Win32
		{4184C4E1-43F3-4475-B6A3-247CC46947E2}.Debug|x86.Build.0 = Debug|Win32
		{4184C4E1-43F3-4475-B6A3-247CC46947E2}.Release|x64.ActiveCfg = Release|x64
		{4184C4E1-43F3-4475-B6A3-247CC46947E2}.Release|x64.Build.0 = Release|x64
		{4184C4E1-43F3-4475-B6A3-247CC46947E2}.Release|x86.ActiveCfg = Release|Win32
		{4184C4E1-43F3-4475-B6A3-247CC46947E2}.Release|x86.Build.0 = Release|Win32
		{31C45F42-D783-4EC9-BE1F-316528DEF926}.Debug|x64.ActiveCfg = Debug|x64
		{31C45F42-D783-4EC9-BE1F-316528DEF926}.Debug|x64.Build.0 = Debug|x64
		{31C45F42-D783-4EC9-BE1F-316528DEF926}.Debug|x86.ActiveCfg = Debug|Win32
		{31C45F42-D783-4EC9-BE1F-316528DEF926}.Debug|x86.Build.0 = Debug|Win32
		{31C45F42-D783-4EC9-BE1F-316528DEF926}.Release|x64.ActiveCfg = Release|x64
		{31C45F42-D783-4EC9-BE1F-316528DEF926}.Release|x64.Build.0 = Release|x64
		{31C45F42-D783-4EC9-BE1F-316528DEF926}.Release|x86.ActiveCfg = Release|Win32
		{31C45F42-D783-4EC9-BE1F-316528DEF926}.Release|x86.Build.0 = Release|Win32
		{623A5DD8-DA20-4817-A01F-0705A44F513A}.Debug|x64.ActiveCfg = Debug|x64
		{623A5DD8-DA20-4817-A01F-0705A44F513A}.Debug|x64.Build.0 = Debug|x64
		{623A5DD8-DA20-4817-A01F-0705A44F513A}.Debug|x86.ActiveCfg = Debug|Win32
		{623A5DD8-DA20-4817-A01F-0705A44F513A}.Debug|x86.Build.0 = Debug|Win32
		{623A5DD8-DA20-4817-A01F-0705A44F513A}.Release|x64.ActiveCfg = Release|x64
		{623A5DD8-DA20-4817-A01F-0705A44F513A}.Release|x64.Build.0 = Release|x64
		{623A5DD8-DA20-4817-A01F-0705A44F513A}.Release|x86.ActiveCfg = Release|Win32
		{623A5DD8-DA20-4817-A01F-0705A44F513A}.Release|x86.Build.0 = Release|Win32
		{9297CE28-6D90-4899-8333-484E08A69D56}.Debug|x64.ActiveCfg = Debug|x64
		{9297CE28-6D90-4899-8333-484E08A69D56}.Debug|x64.Build.0 = Debug|x64
		{9297CE28-6D90-4899-8333-484E08A69D56}.Debug|x86.ActiveCfg = Debug|Win32
		{9297CE28-6D90-4899-8333-484E08A69D56}.Debug|x86.Build.0 = Debug|Win32
		{9297CE28-6D90-4899-8333-484E08A69D56}.Release|x64.ActiveCfg = Release|x64
		{9297CE28-6D90-4899-8333-484E08A69D56}.Release|x64.Build.0 = Release|x64
		{9297CE28-6D90-4899-8333-484E08A69D56}.Release|x86.ActiveCfg = Release|Win32
		{9297CE28-6D90-4899-8333-484E08A69D56}.Release|x86.Build.0 = Release|Win32
		{BF3C18A4-EC86-44FE-A1C6-673B863137AA}.Debug|x64.ActiveCfg = Debug|x64
		{BF3C18A4-EC86-44FE-A1C6-673B863137AA}.Debug|x64.Build.0 = Debug|x64
		{BF3C18A4-EC86-44FE-A1C6-673B863137AA}.Debug|x86.ActiveCfg = Debug|Win32
		{BF3C18A4-EC86-44FE-A1C6-673B863137AA}.Debug|x86.Build.0 = Debug|Win32
		{BF3C18A4-EC86-44FE-A1C6-673B863137AA}.Release|x64.ActiveCfg = Release|x64
		{BF3C18A4-EC86-44FE-A1C6-673B863137AA}.Release|x64.Build.0 = Release|x64
		{BF3C18A4-EC86-44FE-A1C6-673B863137AA}.Release|x86.ActiveCfg = Release|Win32
		{BF3C18A4-EC86-44FE-A1C6-673B863137AA}.Release|x86.Build.0 = Release|Win32
	EndGlobalSection
	GlobalSection(SolutionProperties) = preSolution
		HideSolutionNode = FALSE
	EndGlobalSection
	GlobalSection(ExtensibilityGlobals) = postSolution
		SolutionGuid = {ABFA21A3-4E0C-4628-A40E-A32CCDD5C65D}
	EndGlobalSection
EndGlobal
